// !$*UTF8*$!
{
	archiveVersion = 1;
	classes = {
	};
	objectVersion = 46;
	objects = {

/* Begin PBXBuildFile section */
		4FC2D70BD8284EFE01F890A1 /* libPods-wya.a in Frameworks */ = {isa = PBXBuildFile; fileRef = 3F80D6F1DA294361E13E796A /* libPods-wya.a */; };
		8629651421AF931400F240AE /* LoginViewController.swift in Sources */ = {isa = PBXBuildFile; fileRef = 8629651321AF931400F240AE /* LoginViewController.swift */; };
		8629651621AFA0D400F240AE /* MyAccountViewController.swift in Sources */ = {isa = PBXBuildFile; fileRef = 8629651521AFA0D400F240AE /* MyAccountViewController.swift */; };
		8629651821AFA26800F240AE /* HomeViewController.swift in Sources */ = {isa = PBXBuildFile; fileRef = 8629651721AFA26800F240AE /* HomeViewController.swift */; };
		8629651A21AFA30200F240AE /* NavigationViewController.swift in Sources */ = {isa = PBXBuildFile; fileRef = 8629651921AFA30200F240AE /* NavigationViewController.swift */; };
		8E26420621B044CE00BAF9B5 /* ViewFriendsController.swift in Sources */ = {isa = PBXBuildFile; fileRef = 8E26420521B044CE00BAF9B5 /* ViewFriendsController.swift */; };
		8EB20BA421B03A3B00BF211B /* QueryService.swift in Sources */ = {isa = PBXBuildFile; fileRef = 8EB20BA321B03A3B00BF211B /* QueryService.swift */; };
		B33E89A61ED67A3B00E5A503 /* AppDelegate.swift in Sources */ = {isa = PBXBuildFile; fileRef = B33E89A51ED67A3B00E5A503 /* AppDelegate.swift */; };
		B33E89AB1ED67A3B00E5A503 /* Main.storyboard in Resources */ = {isa = PBXBuildFile; fileRef = B33E89A91ED67A3B00E5A503 /* Main.storyboard */; };
		B33E89AD1ED67A3B00E5A503 /* Assets.xcassets in Resources */ = {isa = PBXBuildFile; fileRef = B33E89AC1ED67A3B00E5A503 /* Assets.xcassets */; };
		B33E89B01ED67A3B00E5A503 /* LaunchScreen.storyboard in Resources */ = {isa = PBXBuildFile; fileRef = B33E89AE1ED67A3B00E5A503 /* LaunchScreen.storyboard */; };
		B33E89D41ED67AF300E5A503 /* HamburgerViewController.swift in Sources */ = {isa = PBXBuildFile; fileRef = B33E89D31ED67AF300E5A503 /* HamburgerViewController.swift */; };
		B33E89D61ED67B8400E5A503 /* HamburgerLayer.swift in Sources */ = {isa = PBXBuildFile; fileRef = B33E89D51ED67B8400E5A503 /* HamburgerLayer.swift */; };
		B33E89D91ED67BA600E5A503 /* HamburgerCell.swift in Sources */ = {isa = PBXBuildFile; fileRef = B33E89D81ED67BA600E5A503 /* HamburgerCell.swift */; };
		B33E89E31ED7D83500E5A503 /* HamburgerViewModel.swift in Sources */ = {isa = PBXBuildFile; fileRef = B33E89E21ED7D83500E5A503 /* HamburgerViewModel.swift */; };
		B33E8A101ED869E500E5A503 /* MenuViewController.swift in Sources */ = {isa = PBXBuildFile; fileRef = B33E8A0F1ED869E500E5A503 /* MenuViewController.swift */; };
/* End PBXBuildFile section */

/* Begin PBXFileReference section */
		3F80D6F1DA294361E13E796A /* libPods-wya.a */ = {isa = PBXFileReference; explicitFileType = archive.ar; includeInIndex = 0; path = "libPods-wya.a"; sourceTree = BUILT_PRODUCTS_DIR; };
		6006E01824C2C19615C1E7F4 /* Pods-Menu.release.xcconfig */ = {isa = PBXFileReference; includeInIndex = 1; lastKnownFileType = text.xcconfig; name = "Pods-Menu.release.xcconfig"; path = "Pods/Target Support Files/Pods-Menu/Pods-Menu.release.xcconfig"; sourceTree = "<group>"; };
		80523F577275F10515F6AE77 /* libPods-Menu.a */ = {isa = PBXFileReference; explicitFileType = archive.ar; includeInIndex = 0; path = "libPods-Menu.a"; sourceTree = BUILT_PRODUCTS_DIR; };
		8629651321AF931400F240AE /* LoginViewController.swift */ = {isa = PBXFileReference; lastKnownFileType = sourcecode.swift; path = LoginViewController.swift; sourceTree = "<group>"; };
		8629651521AFA0D400F240AE /* MyAccountViewController.swift */ = {isa = PBXFileReference; lastKnownFileType = sourcecode.swift; path = MyAccountViewController.swift; sourceTree = "<group>"; };
		8629651721AFA26800F240AE /* HomeViewController.swift */ = {isa = PBXFileReference; lastKnownFileType = sourcecode.swift; path = HomeViewController.swift; sourceTree = "<group>"; };
		8629651921AFA30200F240AE /* NavigationViewController.swift */ = {isa = PBXFileReference; lastKnownFileType = sourcecode.swift; path = NavigationViewController.swift; sourceTree = "<group>"; };
		8E26420521B044CE00BAF9B5 /* ViewFriendsController.swift */ = {isa = PBXFileReference; lastKnownFileType = sourcecode.swift; path = ViewFriendsController.swift; sourceTree = "<group>"; };
		8EB20BA321B03A3B00BF211B /* QueryService.swift */ = {isa = PBXFileReference; fileEncoding = 4; lastKnownFileType = sourcecode.swift; path = QueryService.swift; sourceTree = "<group>"; };
		9B757972FD9C35F6773132A8 /* Pods-wya.debug.xcconfig */ = {isa = PBXFileReference; includeInIndex = 1; lastKnownFileType = text.xcconfig; name = "Pods-wya.debug.xcconfig"; path = "Pods/Target Support Files/Pods-wya/Pods-wya.debug.xcconfig"; sourceTree = "<group>"; };
		A2F7274B2487BD77FB273E15 /* Pods-Menu.debug.xcconfig */ = {isa = PBXFileReference; includeInIndex = 1; lastKnownFileType = text.xcconfig; name = "Pods-Menu.debug.xcconfig"; path = "Pods/Target Support Files/Pods-Menu/Pods-Menu.debug.xcconfig"; sourceTree = "<group>"; };
		B33E89A21ED67A3B00E5A503 /* wya.app */ = {isa = PBXFileReference; explicitFileType = wrapper.application; includeInIndex = 0; path = wya.app; sourceTree = BUILT_PRODUCTS_DIR; };
		B33E89A51ED67A3B00E5A503 /* AppDelegate.swift */ = {isa = PBXFileReference; lastKnownFileType = sourcecode.swift; path = AppDelegate.swift; sourceTree = "<group>"; };
		B33E89AA1ED67A3B00E5A503 /* Base */ = {isa = PBXFileReference; lastKnownFileType = file.storyboard; name = Base; path = Base.lproj/Main.storyboard; sourceTree = "<group>"; };
		B33E89AC1ED67A3B00E5A503 /* Assets.xcassets */ = {isa = PBXFileReference; lastKnownFileType = folder.assetcatalog; path = Assets.xcassets; sourceTree = "<group>"; };
		B33E89AF1ED67A3B00E5A503 /* Base */ = {isa = PBXFileReference; lastKnownFileType = file.storyboard; name = Base; path = Base.lproj/LaunchScreen.storyboard; sourceTree = "<group>"; };
		B33E89B11ED67A3B00E5A503 /* Info.plist */ = {isa = PBXFileReference; lastKnownFileType = text.plist.xml; path = Info.plist; sourceTree = "<group>"; };
		B33E89D31ED67AF300E5A503 /* HamburgerViewController.swift */ = {isa = PBXFileReference; fileEncoding = 4; lastKnownFileType = sourcecode.swift; path = HamburgerViewController.swift; sourceTree = "<group>"; };
		B33E89D51ED67B8400E5A503 /* HamburgerLayer.swift */ = {isa = PBXFileReference; fileEncoding = 4; lastKnownFileType = sourcecode.swift; path = HamburgerLayer.swift; sourceTree = "<group>"; };
		B33E89D81ED67BA600E5A503 /* HamburgerCell.swift */ = {isa = PBXFileReference; fileEncoding = 4; lastKnownFileType = sourcecode.swift; path = HamburgerCell.swift; sourceTree = "<group>"; };
		B33E89E21ED7D83500E5A503 /* HamburgerViewModel.swift */ = {isa = PBXFileReference; fileEncoding = 4; lastKnownFileType = sourcecode.swift; path = HamburgerViewModel.swift; sourceTree = "<group>"; };
		B33E8A0F1ED869E500E5A503 /* MenuViewController.swift */ = {isa = PBXFileReference; fileEncoding = 4; lastKnownFileType = sourcecode.swift; path = MenuViewController.swift; sourceTree = "<group>"; };
		B34118591ED92DDF00512902 /* ar */ = {isa = PBXFileReference; lastKnownFileType = text.plist.strings; name = ar; path = ar.lproj/Main.strings; sourceTree = "<group>"; };
		B341185A1ED92DDF00512902 /* ar */ = {isa = PBXFileReference; lastKnownFileType = text.plist.strings; name = ar; path = ar.lproj/LaunchScreen.strings; sourceTree = "<group>"; };
		F53D81C3D845CD5181456F65 /* Pods-wya.release.xcconfig */ = {isa = PBXFileReference; includeInIndex = 1; lastKnownFileType = text.xcconfig; name = "Pods-wya.release.xcconfig"; path = "Pods/Target Support Files/Pods-wya/Pods-wya.release.xcconfig"; sourceTree = "<group>"; };
/* End PBXFileReference section */

/* Begin PBXFrameworksBuildPhase section */
		B33E899F1ED67A3B00E5A503 /* Frameworks */ = {
			isa = PBXFrameworksBuildPhase;
			buildActionMask = 2147483647;
			files = (
				4FC2D70BD8284EFE01F890A1 /* libPods-wya.a in Frameworks */,
			);
			runOnlyForDeploymentPostprocessing = 0;
		};
/* End PBXFrameworksBuildPhase section */

/* Begin PBXGroup section */
		3D2535ADD7A205E4405D1AC9 /* Pods */ = {
			isa = PBXGroup;
			children = (
				A2F7274B2487BD77FB273E15 /* Pods-Menu.debug.xcconfig */,
				6006E01824C2C19615C1E7F4 /* Pods-Menu.release.xcconfig */,
				9B757972FD9C35F6773132A8 /* Pods-wya.debug.xcconfig */,
				F53D81C3D845CD5181456F65 /* Pods-wya.release.xcconfig */,
			);
			name = Pods;
			sourceTree = "<group>";
		};
		86AF231421AFCB05000C6CBE /* Menu */ = {
			isa = PBXGroup;
			children = (
				B33E8A0F1ED869E500E5A503 /* MenuViewController.swift */,
				B33E89D31ED67AF300E5A503 /* HamburgerViewController.swift */,
				B33E89D81ED67BA600E5A503 /* HamburgerCell.swift */,
				B33E89D51ED67B8400E5A503 /* HamburgerLayer.swift */,
				B33E89E21ED7D83500E5A503 /* HamburgerViewModel.swift */,
			);
			path = Menu;
			sourceTree = "<group>";
		};
		8BE958F8DF1AF4A60EEE60DD /* Frameworks */ = {
			isa = PBXGroup;
			children = (
				80523F577275F10515F6AE77 /* libPods-Menu.a */,
				3F80D6F1DA294361E13E796A /* libPods-wya.a */,
			);
			name = Frameworks;
			sourceTree = "<group>";
		};
		B33E89991ED67A3B00E5A503 = {
			isa = PBXGroup;
			children = (
				B33E89A41ED67A3B00E5A503 /* wya */,
				B33E89A31ED67A3B00E5A503 /* Products */,
				3D2535ADD7A205E4405D1AC9 /* Pods */,
				8BE958F8DF1AF4A60EEE60DD /* Frameworks */,
			);
			sourceTree = "<group>";
		};
		B33E89A31ED67A3B00E5A503 /* Products */ = {
			isa = PBXGroup;
			children = (
				B33E89A21ED67A3B00E5A503 /* wya.app */,
			);
			name = Products;
			sourceTree = "<group>";
		};
		B33E89A41ED67A3B00E5A503 /* wya */ = {
			isa = PBXGroup;
			children = (
				86AF231421AFCB05000C6CBE /* Menu */,
				B33E89A51ED67A3B00E5A503 /* AppDelegate.swift */,
				8629651321AF931400F240AE /* LoginViewController.swift */,
				8EB20BA321B03A3B00BF211B /* QueryService.swift */,
				8629651521AFA0D400F240AE /* MyAccountViewController.swift */,
				B33E89A91ED67A3B00E5A503 /* Main.storyboard */,
				8629651721AFA26800F240AE /* HomeViewController.swift */,
				8E26420521B044CE00BAF9B5 /* ViewFriendsController.swift */,
				8629651921AFA30200F240AE /* NavigationViewController.swift */,
				B33E89AC1ED67A3B00E5A503 /* Assets.xcassets */,
				B33E89AE1ED67A3B00E5A503 /* LaunchScreen.storyboard */,
				B33E89B11ED67A3B00E5A503 /* Info.plist */,
			);
			path = wya;
			sourceTree = "<group>";
		};
/* End PBXGroup section */

/* Begin PBXNativeTarget section */
		B33E89A11ED67A3B00E5A503 /* wya */ = {
			isa = PBXNativeTarget;
			buildConfigurationList = B33E89CA1ED67A3B00E5A503 /* Build configuration list for PBXNativeTarget "wya" */;
			buildPhases = (
				B7481E596502E642FC7ECE27 /* [CP] Check Pods Manifest.lock */,
				B33E899E1ED67A3B00E5A503 /* Sources */,
				B33E899F1ED67A3B00E5A503 /* Frameworks */,
				B33E89A01ED67A3B00E5A503 /* Resources */,
				57BE83CD0EFF252C380BA600 /* [CP] Copy Pods Resources */,
			);
			buildRules = (
			);
			dependencies = (
			);
			name = wya;
			productName = Menu;
			productReference = B33E89A21ED67A3B00E5A503 /* wya.app */;
			productType = "com.apple.product-type.application";
		};
/* End PBXNativeTarget section */

/* Begin PBXProject section */
		B33E899A1ED67A3B00E5A503 /* Project object */ = {
			isa = PBXProject;
			attributes = {
				LastSwiftUpdateCheck = 0830;
				LastUpgradeCheck = 1010;
				ORGANIZATIONNAME = "Zeeshan Khan";
				TargetAttributes = {
					B33E89A11ED67A3B00E5A503 = {
						CreatedOnToolsVersion = 8.3.2;
						DevelopmentTeam = L5HME6UZJC;
						ProvisioningStyle = Automatic;
					};
				};
			};
			buildConfigurationList = B33E899D1ED67A3B00E5A503 /* Build configuration list for PBXProject "wya" */;
			compatibilityVersion = "Xcode 3.2";
			developmentRegion = English;
			hasScannedForEncodings = 0;
			knownRegions = (
				en,
				Base,
			);
			mainGroup = B33E89991ED67A3B00E5A503;
			productRefGroup = B33E89A31ED67A3B00E5A503 /* Products */;
			projectDirPath = "";
			projectRoot = "";
			targets = (
				B33E89A11ED67A3B00E5A503 /* wya */,
			);
		};
/* End PBXProject section */

/* Begin PBXResourcesBuildPhase section */
		B33E89A01ED67A3B00E5A503 /* Resources */ = {
			isa = PBXResourcesBuildPhase;
			buildActionMask = 2147483647;
			files = (
				B33E89B01ED67A3B00E5A503 /* LaunchScreen.storyboard in Resources */,
				B33E89AD1ED67A3B00E5A503 /* Assets.xcassets in Resources */,
				B33E89AB1ED67A3B00E5A503 /* Main.storyboard in Resources */,
			);
			runOnlyForDeploymentPostprocessing = 0;
		};
/* End PBXResourcesBuildPhase section */

/* Begin PBXShellScriptBuildPhase section */
		57BE83CD0EFF252C380BA600 /* [CP] Copy Pods Resources */ = {
			isa = PBXShellScriptBuildPhase;
			buildActionMask = 2147483647;
			files = (
			);
			inputFileListPaths = (
			);
			inputPaths = (
				"${SRCROOT}/Pods/Target Support Files/Pods-wya/Pods-wya-resources.sh",
				"${PODS_ROOT}/GTMOAuth2/Source/Touch/GTMOAuth2ViewTouch.xib",
				"${PODS_ROOT}/GoogleSignIn/Resources/GoogleSignIn.bundle",
			);
			name = "[CP] Copy Pods Resources";
			outputFileListPaths = (
			);
			outputPaths = (
				"${TARGET_BUILD_DIR}/${UNLOCALIZED_RESOURCES_FOLDER_PATH}/GTMOAuth2ViewTouch.nib",
				"${TARGET_BUILD_DIR}/${UNLOCALIZED_RESOURCES_FOLDER_PATH}/GoogleSignIn.bundle",
			);
			runOnlyForDeploymentPostprocessing = 0;
			shellPath = /bin/sh;
			shellScript = "\"${SRCROOT}/Pods/Target Support Files/Pods-wya/Pods-wya-resources.sh\"\n";
			showEnvVarsInLog = 0;
		};
		B7481E596502E642FC7ECE27 /* [CP] Check Pods Manifest.lock */ = {
			isa = PBXShellScriptBuildPhase;
			buildActionMask = 2147483647;
			files = (
			);
			inputFileListPaths = (
			);
			inputPaths = (
				"${PODS_PODFILE_DIR_PATH}/Podfile.lock",
				"${PODS_ROOT}/Manifest.lock",
			);
			name = "[CP] Check Pods Manifest.lock";
			outputFileListPaths = (
			);
			outputPaths = (
				"$(DERIVED_FILE_DIR)/Pods-wya-checkManifestLockResult.txt",
			);
			runOnlyForDeploymentPostprocessing = 0;
			shellPath = /bin/sh;
			shellScript = "diff \"${PODS_PODFILE_DIR_PATH}/Podfile.lock\" \"${PODS_ROOT}/Manifest.lock\" > /dev/null\nif [ $? != 0 ] ; then\n    # print error to STDERR\n    echo \"error: The sandbox is not in sync with the Podfile.lock. Run 'pod install' or update your CocoaPods installation.\" >&2\n    exit 1\nfi\n# This output is used by Xcode 'outputs' to avoid re-running this script phase.\necho \"SUCCESS\" > \"${SCRIPT_OUTPUT_FILE_0}\"\n";
			showEnvVarsInLog = 0;
		};
/* End PBXShellScriptBuildPhase section */

/* Begin PBXSourcesBuildPhase section */
		B33E899E1ED67A3B00E5A503 /* Sources */ = {
			isa = PBXSourcesBuildPhase;
			buildActionMask = 2147483647;
			files = (
				8E26420621B044CE00BAF9B5 /* ViewFriendsController.swift in Sources */,
				B33E89D41ED67AF300E5A503 /* HamburgerViewController.swift in Sources */,
				8629651A21AFA30200F240AE /* NavigationViewController.swift in Sources */,
				B33E8A101ED869E500E5A503 /* MenuViewController.swift in Sources */,
				B33E89D91ED67BA600E5A503 /* HamburgerCell.swift in Sources */,
				B33E89D61ED67B8400E5A503 /* HamburgerLayer.swift in Sources */,
				8629651421AF931400F240AE /* LoginViewController.swift in Sources */,
				8629651821AFA26800F240AE /* HomeViewController.swift in Sources */,
				B33E89E31ED7D83500E5A503 /* HamburgerViewModel.swift in Sources */,
				8EB20BA421B03A3B00BF211B /* QueryService.swift in Sources */,
				B33E89A61ED67A3B00E5A503 /* AppDelegate.swift in Sources */,
				8629651621AFA0D400F240AE /* MyAccountViewController.swift in Sources */,
			);
			runOnlyForDeploymentPostprocessing = 0;
		};
/* End PBXSourcesBuildPhase section */

/* Begin PBXVariantGroup section */
		B33E89A91ED67A3B00E5A503 /* Main.storyboard */ = {
			isa = PBXVariantGroup;
			children = (
				B33E89AA1ED67A3B00E5A503 /* Base */,
				B34118591ED92DDF00512902 /* ar */,
			);
			name = Main.storyboard;
			sourceTree = "<group>";
		};
		B33E89AE1ED67A3B00E5A503 /* LaunchScreen.storyboard */ = {
			isa = PBXVariantGroup;
			children = (
				B33E89AF1ED67A3B00E5A503 /* Base */,
				B341185A1ED92DDF00512902 /* ar */,
			);
			name = LaunchScreen.storyboard;
			sourceTree = "<group>";
		};
/* End PBXVariantGroup section */

/* Begin XCBuildConfiguration section */
		B33E89C81ED67A3B00E5A503 /* Debug */ = {
			isa = XCBuildConfiguration;
			buildSettings = {
				ALWAYS_SEARCH_USER_PATHS = NO;
				CLANG_ANALYZER_LOCALIZABILITY_NONLOCALIZED = YES;
				CLANG_ANALYZER_NONNULL = YES;
				CLANG_ANALYZER_NUMBER_OBJECT_CONVERSION = YES_AGGRESSIVE;
				CLANG_CXX_LANGUAGE_STANDARD = "gnu++0x";
				CLANG_CXX_LIBRARY = "libc++";
				CLANG_ENABLE_MODULES = YES;
				CLANG_ENABLE_OBJC_ARC = YES;
				CLANG_WARN_BLOCK_CAPTURE_AUTORELEASING = YES;
				CLANG_WARN_BOOL_CONVERSION = YES;
				CLANG_WARN_COMMA = YES;
				CLANG_WARN_CONSTANT_CONVERSION = YES;
				CLANG_WARN_DEPRECATED_OBJC_IMPLEMENTATIONS = YES;
				CLANG_WARN_DIRECT_OBJC_ISA_USAGE = YES_ERROR;
				CLANG_WARN_DOCUMENTATION_COMMENTS = YES;
				CLANG_WARN_EMPTY_BODY = YES;
				CLANG_WARN_ENUM_CONVERSION = YES;
				CLANG_WARN_INFINITE_RECURSION = YES;
				CLANG_WARN_INT_CONVERSION = YES;
				CLANG_WARN_NON_LITERAL_NULL_CONVERSION = YES;
				CLANG_WARN_OBJC_IMPLICIT_RETAIN_SELF = YES;
				CLANG_WARN_OBJC_LITERAL_CONVERSION = YES;
				CLANG_WARN_OBJC_ROOT_CLASS = YES_ERROR;
				CLANG_WARN_RANGE_LOOP_ANALYSIS = YES;
				CLANG_WARN_STRICT_PROTOTYPES = YES;
				CLANG_WARN_SUSPICIOUS_MOVE = YES;
				CLANG_WARN_UNREACHABLE_CODE = YES;
				CLANG_WARN__DUPLICATE_METHOD_MATCH = YES;
				"CODE_SIGN_IDENTITY[sdk=iphoneos*]" = "iPhone Developer";
				COPY_PHASE_STRIP = NO;
				DEBUG_INFORMATION_FORMAT = dwarf;
				ENABLE_STRICT_OBJC_MSGSEND = YES;
				ENABLE_TESTABILITY = YES;
				GCC_C_LANGUAGE_STANDARD = gnu99;
				GCC_DYNAMIC_NO_PIC = NO;
				GCC_NO_COMMON_BLOCKS = YES;
				GCC_OPTIMIZATION_LEVEL = 0;
				GCC_PREPROCESSOR_DEFINITIONS = (
					"DEBUG=1",
					"$(inherited)",
				);
				GCC_WARN_64_TO_32_BIT_CONVERSION = YES;
				GCC_WARN_ABOUT_RETURN_TYPE = YES_ERROR;
				GCC_WARN_UNDECLARED_SELECTOR = YES;
				GCC_WARN_UNINITIALIZED_AUTOS = YES_AGGRESSIVE;
				GCC_WARN_UNUSED_FUNCTION = YES;
				GCC_WARN_UNUSED_VARIABLE = YES;
				IPHONEOS_DEPLOYMENT_TARGET = 11.0;
				MTL_ENABLE_DEBUG_INFO = YES;
				ONLY_ACTIVE_ARCH = YES;
				SDKROOT = iphoneos;
				SWIFT_ACTIVE_COMPILATION_CONDITIONS = DEBUG;
				SWIFT_OPTIMIZATION_LEVEL = "-Onone";
			};
			name = Debug;
		};
		B33E89C91ED67A3B00E5A503 /* Release */ = {
			isa = XCBuildConfiguration;
			buildSettings = {
				ALWAYS_SEARCH_USER_PATHS = NO;
				CLANG_ANALYZER_LOCALIZABILITY_NONLOCALIZED = YES;
				CLANG_ANALYZER_NONNULL = YES;
				CLANG_ANALYZER_NUMBER_OBJECT_CONVERSION = YES_AGGRESSIVE;
				CLANG_CXX_LANGUAGE_STANDARD = "gnu++0x";
				CLANG_CXX_LIBRARY = "libc++";
				CLANG_ENABLE_MODULES = YES;
				CLANG_ENABLE_OBJC_ARC = YES;
				CLANG_WARN_BLOCK_CAPTURE_AUTORELEASING = YES;
				CLANG_WARN_BOOL_CONVERSION = YES;
				CLANG_WARN_COMMA = YES;
				CLANG_WARN_CONSTANT_CONVERSION = YES;
				CLANG_WARN_DEPRECATED_OBJC_IMPLEMENTATIONS = YES;
				CLANG_WARN_DIRECT_OBJC_ISA_USAGE = YES_ERROR;
				CLANG_WARN_DOCUMENTATION_COMMENTS = YES;
				CLANG_WARN_EMPTY_BODY = YES;
				CLANG_WARN_ENUM_CONVERSION = YES;
				CLANG_WARN_INFINITE_RECURSION = YES;
				CLANG_WARN_INT_CONVERSION = YES;
				CLANG_WARN_NON_LITERAL_NULL_CONVERSION = YES;
				CLANG_WARN_OBJC_IMPLICIT_RETAIN_SELF = YES;
				CLANG_WARN_OBJC_LITERAL_CONVERSION = YES;
				CLANG_WARN_OBJC_ROOT_CLASS = YES_ERROR;
				CLANG_WARN_RANGE_LOOP_ANALYSIS = YES;
				CLANG_WARN_STRICT_PROTOTYPES = YES;
				CLANG_WARN_SUSPICIOUS_MOVE = YES;
				CLANG_WARN_UNREACHABLE_CODE = YES;
				CLANG_WARN__DUPLICATE_METHOD_MATCH = YES;
				"CODE_SIGN_IDENTITY[sdk=iphoneos*]" = "iPhone Developer";
				COPY_PHASE_STRIP = NO;
				DEBUG_INFORMATION_FORMAT = "dwarf-with-dsym";
				ENABLE_NS_ASSERTIONS = NO;
				ENABLE_STRICT_OBJC_MSGSEND = YES;
				GCC_C_LANGUAGE_STANDARD = gnu99;
				GCC_NO_COMMON_BLOCKS = YES;
				GCC_WARN_64_TO_32_BIT_CONVERSION = YES;
				GCC_WARN_ABOUT_RETURN_TYPE = YES_ERROR;
				GCC_WARN_UNDECLARED_SELECTOR = YES;
				GCC_WARN_UNINITIALIZED_AUTOS = YES_AGGRESSIVE;
				GCC_WARN_UNUSED_FUNCTION = YES;
				GCC_WARN_UNUSED_VARIABLE = YES;
				IPHONEOS_DEPLOYMENT_TARGET = 11.0;
				MTL_ENABLE_DEBUG_INFO = NO;
				SDKROOT = iphoneos;
				SWIFT_OPTIMIZATION_LEVEL = "-Owholemodule";
				VALIDATE_PRODUCT = YES;
			};
			name = Release;
		};
		B33E89CB1ED67A3B00E5A503 /* Debug */ = {
			isa = XCBuildConfiguration;
			baseConfigurationReference = 9B757972FD9C35F6773132A8 /* Pods-wya.debug.xcconfig */;
			buildSettings = {
				ASSETCATALOG_COMPILER_APPICON_NAME = AppIcon;
				DEVELOPMENT_TEAM = L5HME6UZJC;
				INFOPLIST_FILE = wya/Info.plist;
				LD_RUNPATH_SEARCH_PATHS = "$(inherited) @executable_path/Frameworks";
				PRODUCT_BUNDLE_IDENTIFIER = zeeshan.wya;
				PRODUCT_NAME = "$(TARGET_NAME)";
				SWIFT_VERSION = 4.2;
			};
			name = Debug;
		};
		B33E89CC1ED67A3B00E5A503 /* Release */ = {
			isa = XCBuildConfiguration;
			baseConfigurationReference = F53D81C3D845CD5181456F65 /* Pods-wya.release.xcconfig */;
			buildSettings = {
				ASSETCATALOG_COMPILER_APPICON_NAME = AppIcon;
				DEVELOPMENT_TEAM = L5HME6UZJC;
				INFOPLIST_FILE = wya/Info.plist;
				LD_RUNPATH_SEARCH_PATHS = "$(inherited) @executable_path/Frameworks";
				PRODUCT_BUNDLE_IDENTIFIER = zeeshan.wya;
				PRODUCT_NAME = "$(TARGET_NAME)";
				SWIFT_VERSION = 4.2;
			};
			name = Release;
		};
/* End XCBuildConfiguration section */

/* Begin XCConfigurationList section */
		B33E899D1ED67A3B00E5A503 /* Build configuration list for PBXProject "wya" */ = {
			isa = XCConfigurationList;
			buildConfigurations = (
				B33E89C81ED67A3B00E5A503 /* Debug */,
				B33E89C91ED67A3B00E5A503 /* Release */,
			);
			defaultConfigurationIsVisible = 0;
			defaultConfigurationName = Release;
		};
		B33E89CA1ED67A3B00E5A503 /* Build configuration list for PBXNativeTarget "wya" */ = {
			isa = XCConfigurationList;
			buildConfigurations = (
				B33E89CB1ED67A3B00E5A503 /* Debug */,
				B33E89CC1ED67A3B00E5A503 /* Release */,
			);
			defaultConfigurationIsVisible = 0;
			defaultConfigurationName = Release;
		};
/* End XCConfigurationList section */
	};
	rootObject = B33E899A1ED67A3B00E5A503 /* Project object */;
}
